// !$*UTF8*$!
{
	archiveVersion = 1;
	classes = {
	};
	objectVersion = 50;
	objects = {

/* Begin PBXBuildFile section */
		EB2CE663232A6E2A002A9A2C /* AppDelegate.swift in Sources */ = {isa = PBXBuildFile; fileRef = EB2CE662232A6E2A002A9A2C /* AppDelegate.swift */; };
		EB2CE665232A6E2A002A9A2C /* ViewController.swift in Sources */ = {isa = PBXBuildFile; fileRef = EB2CE664232A6E2A002A9A2C /* ViewController.swift */; };
		EB2CE668232A6E2A002A9A2C /* Main.storyboard in Resources */ = {isa = PBXBuildFile; fileRef = EB2CE666232A6E2A002A9A2C /* Main.storyboard */; };
		EB2CE66A232A6E2B002A9A2C /* Assets.xcassets in Resources */ = {isa = PBXBuildFile; fileRef = EB2CE669232A6E2B002A9A2C /* Assets.xcassets */; };
		EB2CE66D232A6E2B002A9A2C /* LaunchScreen.storyboard in Resources */ = {isa = PBXBuildFile; fileRef = EB2CE66B232A6E2B002A9A2C /* LaunchScreen.storyboard */; };
		EB2E6D61232D149900D1CD8F /* ContactModel.swift in Sources */ = {isa = PBXBuildFile; fileRef = EB2E6D60232D149900D1CD8F /* ContactModel.swift */; };
		EB2E6D64232F7A7E00D1CD8F /* Services.swift in Sources */ = {isa = PBXBuildFile; fileRef = EB2E6D63232F7A7E00D1CD8F /* Services.swift */; };
		EB2E6D66232F835000D1CD8F /* ContactViewModel.swift in Sources */ = {isa = PBXBuildFile; fileRef = EB2E6D65232F835000D1CD8F /* ContactViewModel.swift */; };
		EB2E6D6A232FB6C000D1CD8F /* SwiftyJSON.swift in Sources */ = {isa = PBXBuildFile; fileRef = EB2E6D69232FB6C000D1CD8F /* SwiftyJSON.swift */; };
		EB2E6D6B232FC29C00D1CD8F /* data.json in Resources */ = {isa = PBXBuildFile; fileRef = EBF817DD232A72060049CBED /* data.json */; };
		EB2E6D6E23311F2D00D1CD8F /* Observable.swift in Sources */ = {isa = PBXBuildFile; fileRef = EB2E6D6D23311F2D00D1CD8F /* Observable.swift */; };
		EB2E6D702331273D00D1CD8F /* ContactCell.swift in Sources */ = {isa = PBXBuildFile; fileRef = EB2E6D6F2331273D00D1CD8F /* ContactCell.swift */; };
		EB2E6D72233134E000D1CD8F /* DynamicValue.swift in Sources */ = {isa = PBXBuildFile; fileRef = EB2E6D71233134E000D1CD8F /* DynamicValue.swift */; };
/* End PBXBuildFile section */

/* Begin PBXContainerItemProxy section */
		EB2CE674232A6E2B002A9A2C /* PBXContainerItemProxy */ = {
			isa = PBXContainerItemProxy;
			containerPortal = EB2CE657232A6E29002A9A2C /* Project object */;
			proxyType = 1;
			remoteGlobalIDString = EB2CE65E232A6E29002A9A2C;
			remoteInfo = BoostTest;
		};
		EB2CE67F232A6E2B002A9A2C /* PBXContainerItemProxy */ = {
			isa = PBXContainerItemProxy;
			containerPortal = EB2CE657232A6E29002A9A2C /* Project object */;
			proxyType = 1;
			remoteGlobalIDString = EB2CE65E232A6E29002A9A2C;
			remoteInfo = BoostTest;
		};
/* End PBXContainerItemProxy section */

/* Begin PBXFileReference section */
		EB2CE65F232A6E29002A9A2C /* BoostTest.app */ = {isa = PBXFileReference; explicitFileType = wrapper.application; includeInIndex = 0; path = BoostTest.app; sourceTree = BUILT_PRODUCTS_DIR; };
		EB2CE662232A6E2A002A9A2C /* AppDelegate.swift */ = {isa = PBXFileReference; lastKnownFileType = sourcecode.swift; path = AppDelegate.swift; sourceTree = "<group>"; };
		EB2CE664232A6E2A002A9A2C /* ViewController.swift */ = {isa = PBXFileReference; lastKnownFileType = sourcecode.swift; path = ViewController.swift; sourceTree = "<group>"; };
		EB2CE667232A6E2A002A9A2C /* Base */ = {isa = PBXFileReference; lastKnownFileType = file.storyboard; name = Base; path = Base.lproj/Main.storyboard; sourceTree = "<group>"; };
		EB2CE669232A6E2B002A9A2C /* Assets.xcassets */ = {isa = PBXFileReference; lastKnownFileType = folder.assetcatalog; path = Assets.xcassets; sourceTree = "<group>"; };
		EB2CE66C232A6E2B002A9A2C /* Base */ = {isa = PBXFileReference; lastKnownFileType = file.storyboard; name = Base; path = Base.lproj/LaunchScreen.storyboard; sourceTree = "<group>"; };
		EB2CE66E232A6E2B002A9A2C /* Info.plist */ = {isa = PBXFileReference; lastKnownFileType = text.plist.xml; path = Info.plist; sourceTree = "<group>"; };
		EB2CE673232A6E2B002A9A2C /* BoostTestTests.xctest */ = {isa = PBXFileReference; explicitFileType = wrapper.cfbundle; includeInIndex = 0; path = BoostTestTests.xctest; sourceTree = BUILT_PRODUCTS_DIR; };
		EB2CE67E232A6E2B002A9A2C /* BoostTestUITests.xctest */ = {isa = PBXFileReference; explicitFileType = wrapper.cfbundle; includeInIndex = 0; path = BoostTestUITests.xctest; sourceTree = BUILT_PRODUCTS_DIR; };
		EB2E6D60232D149900D1CD8F /* ContactModel.swift */ = {isa = PBXFileReference; lastKnownFileType = sourcecode.swift; path = ContactModel.swift; sourceTree = "<group>"; };
		EB2E6D63232F7A7E00D1CD8F /* Services.swift */ = {isa = PBXFileReference; lastKnownFileType = sourcecode.swift; path = Services.swift; sourceTree = "<group>"; };
		EB2E6D65232F835000D1CD8F /* ContactViewModel.swift */ = {isa = PBXFileReference; lastKnownFileType = sourcecode.swift; path = ContactViewModel.swift; sourceTree = "<group>"; };
		EB2E6D69232FB6C000D1CD8F /* SwiftyJSON.swift */ = {isa = PBXFileReference; fileEncoding = 4; lastKnownFileType = sourcecode.swift; name = SwiftyJSON.swift; path = "../../Downloads/SwiftyJSON-master/Source/SwiftyJSON/SwiftyJSON.swift"; sourceTree = "<group>"; };
		EB2E6D6D23311F2D00D1CD8F /* Observable.swift */ = {isa = PBXFileReference; lastKnownFileType = sourcecode.swift; path = Observable.swift; sourceTree = "<group>"; };
		EB2E6D6F2331273D00D1CD8F /* ContactCell.swift */ = {isa = PBXFileReference; lastKnownFileType = sourcecode.swift; path = ContactCell.swift; sourceTree = "<group>"; };
		EB2E6D71233134E000D1CD8F /* DynamicValue.swift */ = {isa = PBXFileReference; lastKnownFileType = sourcecode.swift; name = DynamicValue.swift; path = BoostTest/DynamicValue.swift; sourceTree = SOURCE_ROOT; };
		EBF817DD232A72060049CBED /* data.json */ = {isa = PBXFileReference; lastKnownFileType = text.json; path = data.json; sourceTree = "<group>"; };
/* End PBXFileReference section */

/* Begin PBXFrameworksBuildPhase section */
		EB2CE65C232A6E29002A9A2C /* Frameworks */ = {
			isa = PBXFrameworksBuildPhase;
			buildActionMask = 2147483647;
			files = (
			);
			runOnlyForDeploymentPostprocessing = 0;
		};
		EB2CE670232A6E2B002A9A2C /* Frameworks */ = {
			isa = PBXFrameworksBuildPhase;
			buildActionMask = 2147483647;
			files = (
			);
			runOnlyForDeploymentPostprocessing = 0;
		};
		EB2CE67B232A6E2B002A9A2C /* Frameworks */ = {
			isa = PBXFrameworksBuildPhase;
			buildActionMask = 2147483647;
			files = (
			);
			runOnlyForDeploymentPostprocessing = 0;
		};
/* End PBXFrameworksBuildPhase section */

/* Begin PBXGroup section */
		EB2CE656232A6E29002A9A2C = {
			isa = PBXGroup;
			children = (
				EB2E6D6C23311F2000D1CD8F /* Helper */,
				EB2E6D62232F7A6D00D1CD8F /* Services */,
				EBF817DF232A72170049CBED /* ViewModel */,
				EBF817DE232A72110049CBED /* View */,
				EBF817DC232A72010049CBED /* Model */,
				EB2CE661232A6E2A002A9A2C /* BoostTest */,
				EB2CE660232A6E29002A9A2C /* Products */,
				EB2E6D69232FB6C000D1CD8F /* SwiftyJSON.swift */,
			);
			sourceTree = "<group>";
		};
		EB2CE660232A6E29002A9A2C /* Products */ = {
			isa = PBXGroup;
			children = (
				EB2CE65F232A6E29002A9A2C /* BoostTest.app */,
				EB2CE673232A6E2B002A9A2C /* BoostTestTests.xctest */,
				EB2CE67E232A6E2B002A9A2C /* BoostTestUITests.xctest */,
			);
			name = Products;
			sourceTree = "<group>";
		};
		EB2CE661232A6E2A002A9A2C /* BoostTest */ = {
			isa = PBXGroup;
			children = (
				EB2CE662232A6E2A002A9A2C /* AppDelegate.swift */,
				EB2CE666232A6E2A002A9A2C /* Main.storyboard */,
				EB2CE669232A6E2B002A9A2C /* Assets.xcassets */,
				EB2CE66B232A6E2B002A9A2C /* LaunchScreen.storyboard */,
				EB2CE66E232A6E2B002A9A2C /* Info.plist */,
			);
			path = BoostTest;
			sourceTree = "<group>";
		};
		EB2E6D62232F7A6D00D1CD8F /* Services */ = {
			isa = PBXGroup;
			children = (
				EB2E6D63232F7A7E00D1CD8F /* Services.swift */,
			);
			path = Services;
			sourceTree = "<group>";
		};
		EB2E6D6C23311F2000D1CD8F /* Helper */ = {
			isa = PBXGroup;
			children = (
				EB2E6D6D23311F2D00D1CD8F /* Observable.swift */,
			);
			path = Helper;
			sourceTree = "<group>";
		};
		EBF817DC232A72010049CBED /* Model */ = {
			isa = PBXGroup;
			children = (
				EBF817DD232A72060049CBED /* data.json */,
				EB2E6D60232D149900D1CD8F /* ContactModel.swift */,
				EB2E6D71233134E000D1CD8F /* DynamicValue.swift */,
			);
			path = Model;
			sourceTree = "<group>";
		};
		EBF817DE232A72110049CBED /* View */ = {
			isa = PBXGroup;
			children = (
				EB2CE664232A6E2A002A9A2C /* ViewController.swift */,
				EB2E6D6F2331273D00D1CD8F /* ContactCell.swift */,
			);
			path = View;
			sourceTree = "<group>";
		};
		EBF817DF232A72170049CBED /* ViewModel */ = {
			isa = PBXGroup;
			children = (
				EB2E6D65232F835000D1CD8F /* ContactViewModel.swift */,
			);
			path = ViewModel;
			sourceTree = "<group>";
		};
/* End PBXGroup section */

/* Begin PBXNativeTarget section */
		EB2CE65E232A6E29002A9A2C /* BoostTest */ = {
			isa = PBXNativeTarget;
			buildConfigurationList = EB2CE687232A6E2B002A9A2C /* Build configuration list for PBXNativeTarget "BoostTest" */;
			buildPhases = (
				EB2CE65B232A6E29002A9A2C /* Sources */,
				EB2CE65C232A6E29002A9A2C /* Frameworks */,
				EB2CE65D232A6E29002A9A2C /* Resources */,
			);
			buildRules = (
			);
			dependencies = (
			);
			name = BoostTest;
			productName = BoostTest;
			productReference = EB2CE65F232A6E29002A9A2C /* BoostTest.app */;
			productType = "com.apple.product-type.application";
		};
		EB2CE672232A6E2B002A9A2C /* BoostTestTests */ = {
			isa = PBXNativeTarget;
			buildConfigurationList = EB2CE68A232A6E2B002A9A2C /* Build configuration list for PBXNativeTarget "BoostTestTests" */;
			buildPhases = (
				EB2CE66F232A6E2B002A9A2C /* Sources */,
				EB2CE670232A6E2B002A9A2C /* Frameworks */,
				EB2CE671232A6E2B002A9A2C /* Resources */,
			);
			buildRules = (
			);
			dependencies = (
				EB2CE675232A6E2B002A9A2C /* PBXTargetDependency */,
			);
			name = BoostTestTests;
			productName = BoostTestTests;
			productReference = EB2CE673232A6E2B002A9A2C /* BoostTestTests.xctest */;
			productType = "com.apple.product-type.bundle.unit-test";
		};
		EB2CE67D232A6E2B002A9A2C /* BoostTestUITests */ = {
			isa = PBXNativeTarget;
			buildConfigurationList = EB2CE68D232A6E2B002A9A2C /* Build configuration list for PBXNativeTarget "BoostTestUITests" */;
			buildPhases = (
				EB2CE67A232A6E2B002A9A2C /* Sources */,
				EB2CE67B232A6E2B002A9A2C /* Frameworks */,
				EB2CE67C232A6E2B002A9A2C /* Resources */,
			);
			buildRules = (
			);
			dependencies = (
				EB2CE680232A6E2B002A9A2C /* PBXTargetDependency */,
			);
			name = BoostTestUITests;
			productName = BoostTestUITests;
			productReference = EB2CE67E232A6E2B002A9A2C /* BoostTestUITests.xctest */;
			productType = "com.apple.product-type.bundle.ui-testing";
		};
/* End PBXNativeTarget section */

/* Begin PBXProject section */
		EB2CE657232A6E29002A9A2C /* Project object */ = {
			isa = PBXProject;
			attributes = {
				LastSwiftUpdateCheck = 1030;
				LastUpgradeCheck = 1030;
				ORGANIZATIONNAME = "Ong Kah Lam";
				TargetAttributes = {
					EB2CE65E232A6E29002A9A2C = {
						CreatedOnToolsVersion = 10.3;
					};
					EB2CE672232A6E2B002A9A2C = {
						CreatedOnToolsVersion = 10.3;
						TestTargetID = EB2CE65E232A6E29002A9A2C;
					};
					EB2CE67D232A6E2B002A9A2C = {
						CreatedOnToolsVersion = 10.3;
						TestTargetID = EB2CE65E232A6E29002A9A2C;
					};
				};
			};
			buildConfigurationList = EB2CE65A232A6E29002A9A2C /* Build configuration list for PBXProject "BoostTest" */;
			compatibilityVersion = "Xcode 9.3";
			developmentRegion = en;
			hasScannedForEncodings = 0;
			knownRegions = (
				en,
				Base,
			);
			mainGroup = EB2CE656232A6E29002A9A2C;
			productRefGroup = EB2CE660232A6E29002A9A2C /* Products */;
			projectDirPath = "";
			projectRoot = "";
			targets = (
				EB2CE65E232A6E29002A9A2C /* BoostTest */,
				EB2CE672232A6E2B002A9A2C /* BoostTestTests */,
				EB2CE67D232A6E2B002A9A2C /* BoostTestUITests */,
			);
		};
/* End PBXProject section */

/* Begin PBXResourcesBuildPhase section */
		EB2CE65D232A6E29002A9A2C /* Resources */ = {
			isa = PBXResourcesBuildPhase;
			buildActionMask = 2147483647;
			files = (
				EB2CE66D232A6E2B002A9A2C /* LaunchScreen.storyboard in Resources */,
				EB2CE66A232A6E2B002A9A2C /* Assets.xcassets in Resources */,
				EB2CE668232A6E2A002A9A2C /* Main.storyboard in Resources */,
				EB2E6D6B232FC29C00D1CD8F /* data.json in Resources */,
			);
			runOnlyForDeploymentPostprocessing = 0;
		};
		EB2CE671232A6E2B002A9A2C /* Resources */ = {
			isa = PBXResourcesBuildPhase;
			buildActionMask = 2147483647;
			files = (
			);
			runOnlyForDeploymentPostprocessing = 0;
		};
		EB2CE67C232A6E2B002A9A2C /* Resources */ = {
			isa = PBXResourcesBuildPhase;
			buildActionMask = 2147483647;
			files = (
			);
			runOnlyForDeploymentPostprocessing = 0;
		};
/* End PBXResourcesBuildPhase section */

/* Begin PBXSourcesBuildPhase section */
		EB2CE65B232A6E29002A9A2C /* Sources */ = {
			isa = PBXSourcesBuildPhase;
			buildActionMask = 2147483647;
			files = (
				EB2E6D702331273D00D1CD8F /* ContactCell.swift in Sources */,
				EB2CE665232A6E2A002A9A2C /* ViewController.swift in Sources */,
				EB2E6D64232F7A7E00D1CD8F /* Services.swift in Sources */,
				EB2E6D66232F835000D1CD8F /* ContactViewModel.swift in Sources */,
				EB2E6D6E23311F2D00D1CD8F /* Observable.swift in Sources */,
				EB2E6D6A232FB6C000D1CD8F /* SwiftyJSON.swift in Sources */,
				EB2CE663232A6E2A002A9A2C /* AppDelegate.swift in Sources */,
				EB2E6D72233134E000D1CD8F /* DynamicValue.swift in Sources */,
				EB2E6D61232D149900D1CD8F /* ContactModel.swift in Sources */,
			);
			runOnlyForDeploymentPostprocessing = 0;
		};
		EB2CE66F232A6E2B002A9A2C /* Sources */ = {
			isa = PBXSourcesBuildPhase;
			buildActionMask = 2147483647;
			files = (
			);
			runOnlyForDeploymentPostprocessing = 0;
		};
		EB2CE67A232A6E2B002A9A2C /* Sources */ = {
			isa = PBXSourcesBuildPhase;
			buildActionMask = 2147483647;
			files = (
			);
			runOnlyForDeploymentPostprocessing = 0;
		};
/* End PBXSourcesBuildPhase section */

/* Begin PBXTargetDependency section */
		EB2CE675232A6E2B002A9A2C /* PBXTargetDependency */ = {
			isa = PBXTargetDependency;
			target = EB2CE65E232A6E29002A9A2C /* BoostTest */;
			targetProxy = EB2CE674232A6E2B002A9A2C /* PBXContainerItemProxy */;
		};
		EB2CE680232A6E2B002A9A2C /* PBXTargetDependency */ = {
			isa = PBXTargetDependency;
			target = EB2CE65E232A6E29002A9A2C /* BoostTest */;
			targetProxy = EB2CE67F232A6E2B002A9A2C /* PBXContainerItemProxy */;
		};
/* End PBXTargetDependency section */

/* Begin PBXVariantGroup section */
		EB2CE666232A6E2A002A9A2C /* Main.storyboard */ = {
			isa = PBXVariantGroup;
			children = (
				EB2CE667232A6E2A002A9A2C /* Base */,
			);
			name = Main.storyboard;
			sourceTree = "<group>";
		};
		EB2CE66B232A6E2B002A9A2C /* LaunchScreen.storyboard */ = {
			isa = PBXVariantGroup;
			children = (
				EB2CE66C232A6E2B002A9A2C /* Base */,
			);
			name = LaunchScreen.storyboard;
			sourceTree = "<group>";
		};
/* End PBXVariantGroup section */

/* Begin XCBuildConfiguration section */
		EB2CE685232A6E2B002A9A2C /* Debug */ = {
			isa = XCBuildConfiguration;
			buildSettings = {
				ALWAYS_SEARCH_USER_PATHS = NO;
				CLANG_ANALYZER_NONNULL = YES;
				CLANG_ANALYZER_NUMBER_OBJECT_CONVERSION = YES_AGGRESSIVE;
				CLANG_CXX_LANGUAGE_STANDARD = "gnu++14";
				CLANG_CXX_LIBRARY = "libc++";
				CLANG_ENABLE_MODULES = YES;
				CLANG_ENABLE_OBJC_ARC = YES;
				CLANG_ENABLE_OBJC_WEAK = YES;
				CLANG_WARN_BLOCK_CAPTURE_AUTORELEASING = YES;
				CLANG_WARN_BOOL_CONVERSION = YES;
				CLANG_WARN_COMMA = YES;
				CLANG_WARN_CONSTANT_CONVERSION = YES;
				CLANG_WARN_DEPRECATED_OBJC_IMPLEMENTATIONS = YES;
				CLANG_WARN_DIRECT_OBJC_ISA_USAGE = YES_ERROR;
				CLANG_WARN_DOCUMENTATION_COMMENTS = YES;
				CLANG_WARN_EMPTY_BODY = YES;
				CLANG_WARN_ENUM_CONVERSION = YES;
				CLANG_WARN_INFINITE_RECURSION = YES;
				CLANG_WARN_INT_CONVERSION = YES;
				CLANG_WARN_NON_LITERAL_NULL_CONVERSION = YES;
				CLANG_WARN_OBJC_IMPLICIT_RETAIN_SELF = YES;
				CLANG_WARN_OBJC_LITERAL_CONVERSION = YES;
				CLANG_WARN_OBJC_ROOT_CLASS = YES_ERROR;
				CLANG_WARN_RANGE_LOOP_ANALYSIS = YES;
				CLANG_WARN_STRICT_PROTOTYPES = YES;
				CLANG_WARN_SUSPICIOUS_MOVE = YES;
				CLANG_WARN_UNGUARDED_AVAILABILITY = YES_AGGRESSIVE;
				CLANG_WARN_UNREACHABLE_CODE = YES;
				CLANG_WARN__DUPLICATE_METHOD_MATCH = YES;
				CODE_SIGN_IDENTITY = "iPhone Developer";
				COPY_PHASE_STRIP = NO;
				DEBUG_INFORMATION_FORMAT = dwarf;
				ENABLE_STRICT_OBJC_MSGSEND = YES;
				ENABLE_TESTABILITY = YES;
				GCC_C_LANGUAGE_STANDARD = gnu11;
				GCC_DYNAMIC_NO_PIC = NO;
				GCC_NO_COMMON_BLOCKS = YES;
				GCC_OPTIMIZATION_LEVEL = 0;
				GCC_PREPROCESSOR_DEFINITIONS = (
					"DEBUG=1",
					"$(inherited)",
				);
				GCC_WARN_64_TO_32_BIT_CONVERSION = YES;
				GCC_WARN_ABOUT_RETURN_TYPE = YES_ERROR;
				GCC_WARN_UNDECLARED_SELECTOR = YES;
				GCC_WARN_UNINITIALIZED_AUTOS = YES_AGGRESSIVE;
				GCC_WARN_UNUSED_FUNCTION = YES;
				GCC_WARN_UNUSED_VARIABLE = YES;
				IPHONEOS_DEPLOYMENT_TARGET = 12.4;
				MTL_ENABLE_DEBUG_INFO = INCLUDE_SOURCE;
				MTL_FAST_MATH = YES;
				ONLY_ACTIVE_ARCH = YES;
				SDKROOT = iphoneos;
				SWIFT_ACTIVE_COMPILATION_CONDITIONS = DEBUG;
				SWIFT_OPTIMIZATION_LEVEL = "-Onone";
			};
			name = Debug;
		};
		EB2CE686232A6E2B002A9A2C /* Release */ = {
			isa = XCBuildConfiguration;
			buildSettings = {
				ALWAYS_SEARCH_USER_PATHS = NO;
				CLANG_ANALYZER_NONNULL = YES;
				CLANG_ANALYZER_NUMBER_OBJECT_CONVERSION = YES_AGGRESSIVE;
				CLANG_CXX_LANGUAGE_STANDARD = "gnu++14";
				CLANG_CXX_LIBRARY = "libc++";
				CLANG_ENABLE_MODULES = YES;
				CLANG_ENABLE_OBJC_ARC = YES;
				CLANG_ENABLE_OBJC_WEAK = YES;
				CLANG_WARN_BLOCK_CAPTURE_AUTORELEASING = YES;
				CLANG_WARN_BOOL_CONVERSION = YES;
				CLANG_WARN_COMMA = YES;
				CLANG_WARN_CONSTANT_CONVERSION = YES;
				CLANG_WARN_DEPRECATED_OBJC_IMPLEMENTATIONS = YES;
				CLANG_WARN_DIRECT_OBJC_ISA_USAGE = YES_ERROR;
				CLANG_WARN_DOCUMENTATION_COMMENTS = YES;
				CLANG_WARN_EMPTY_BODY = YES;
				CLANG_WARN_ENUM_CONVERSION = YES;
				CLANG_WARN_INFINITE_RECURSION = YES;
				CLANG_WARN_INT_CONVERSION = YES;
				CLANG_WARN_NON_LITERAL_NULL_CONVERSION = YES;
				CLANG_WARN_OBJC_IMPLICIT_RETAIN_SELF = YES;
				CLANG_WARN_OBJC_LITERAL_CONVERSION = YES;
				CLANG_WARN_OBJC_ROOT_CLASS = YES_ERROR;
				CLANG_WARN_RANGE_LOOP_ANALYSIS = YES;
				CLANG_WARN_STRICT_PROTOTYPES = YES;
				CLANG_WARN_SUSPICIOUS_MOVE = YES;
				CLANG_WARN_UNGUARDED_AVAILABILITY = YES_AGGRESSIVE;
				CLANG_WARN_UNREACHABLE_CODE = YES;
				CLANG_WARN__DUPLICATE_METHOD_MATCH = YES;
				CODE_SIGN_IDENTITY = "iPhone Developer";
				COPY_PHASE_STRIP = NO;
				DEBUG_INFORMATION_FORMAT = "dwarf-with-dsym";
				ENABLE_NS_ASSERTIONS = NO;
				ENABLE_STRICT_OBJC_MSGSEND = YES;
				GCC_C_LANGUAGE_STANDARD = gnu11;
				GCC_NO_COMMON_BLOCKS = YES;
				GCC_WARN_64_TO_32_BIT_CONVERSION = YES;
				GCC_WARN_ABOUT_RETURN_TYPE = YES_ERROR;
				GCC_WARN_UNDECLARED_SELECTOR = YES;
				GCC_WARN_UNINITIALIZED_AUTOS = YES_AGGRESSIVE;
				GCC_WARN_UNUSED_FUNCTION = YES;
				GCC_WARN_UNUSED_VARIABLE = YES;
				IPHONEOS_DEPLOYMENT_TARGET = 12.4;
				MTL_ENABLE_DEBUG_INFO = NO;
				MTL_FAST_MATH = YES;
				SDKROOT = iphoneos;
				SWIFT_COMPILATION_MODE = wholemodule;
				SWIFT_OPTIMIZATION_LEVEL = "-O";
				VALIDATE_PRODUCT = YES;
			};
			name = Release;
		};
		EB2CE688232A6E2B002A9A2C /* Debug */ = {
			isa = XCBuildConfiguration;
			buildSettings = {
				ASSETCATALOG_COMPILER_APPICON_NAME = AppIcon;
				CODE_SIGN_STYLE = Automatic;
				INFOPLIST_FILE = BoostTest/Info.plist;
				LD_RUNPATH_SEARCH_PATHS = (
					"$(inherited)",
					"@executable_path/Frameworks",
				);
				PRODUCT_BUNDLE_IDENTIFIER = test.BoostTest;
				PRODUCT_NAME = "$(TARGET_NAME)";
				SWIFT_VERSION = 5.0;
				TARGETED_DEVICE_FAMILY = "1,2";
			};
			name = Debug;
		};
		EB2CE689232A6E2B002A9A2C /* Release */ = {
			isa = XCBuildConfiguration;
			buildSettings = {
				ASSETCATALOG_COMPILER_APPICON_NAME = AppIcon;
				CODE_SIGN_STYLE = Automatic;
				INFOPLIST_FILE = BoostTest/Info.plist;
				LD_RUNPATH_SEARCH_PATHS = (
					"$(inherited)",
					"@executable_path/Frameworks",
				);
				PRODUCT_BUNDLE_IDENTIFIER = test.BoostTest;
				PRODUCT_NAME = "$(TARGET_NAME)";
				SWIFT_VERSION = 5.0;
				TARGETED_DEVICE_FAMILY = "1,2";
			};
			name = Release;
		};
		EB2CE68B232A6E2B002A9A2C /* Debug */ = {
			isa = XCBuildConfiguration;
			buildSettings = {
				ALWAYS_EMBED_SWIFT_STANDARD_LIBRARIES = YES;
				BUNDLE_LOADER = "$(TEST_HOST)";
				CODE_SIGN_STYLE = Automatic;
				INFOPLIST_FILE = BoostTestTests/Info.plist;
				LD_RUNPATH_SEARCH_PATHS = (
					"$(inherited)",
					"@executable_path/Frameworks",
					"@loader_path/Frameworks",
				);
				PRODUCT_BUNDLE_IDENTIFIER = test.BoostTestTests;
				PRODUCT_NAME = "$(TARGET_NAME)";
				SWIFT_VERSION = 5.0;
				TARGETED_DEVICE_FAMILY = "1,2";
				TEST_HOST = "$(BUILT_PRODUCTS_DIR)/BoostTest.app/BoostTest";
			};
			name = Debug;
		};
		EB2CE68C232A6E2B002A9A2C /* Release */ = {
			isa = XCBuildConfiguration;
			buildSettings = {
				ALWAYS_EMBED_SWIFT_STANDARD_LIBRARIES = YES;
				BUNDLE_LOADER = "$(TEST_HOST)";
				CODE_SIGN_STYLE = Automatic;
				INFOPLIST_FILE = BoostTestTests/Info.plist;
				LD_RUNPATH_SEARCH_PATHS = (
					"$(inherited)",
					"@executable_path/Frameworks",
					"@loader_path/Frameworks",
				);
				PRODUCT_BUNDLE_IDENTIFIER = test.BoostTestTests;
				PRODUCT_NAME = "$(TARGET_NAME)";
				SWIFT_VERSION = 5.0;
				TARGETED_DEVICE_FAMILY = "1,2";
				TEST_HOST = "$(BUILT_PRODUCTS_DIR)/BoostTest.app/BoostTest";
			};
			name = Release;
		};
		EB2CE68E232A6E2B002A9A2C /* Debug */ = {
			isa = XCBuildConfiguration;
			buildSettings = {
				ALWAYS_EMBED_SWIFT_STANDARD_LIBRARIES = YES;
				CODE_SIGN_STYLE = Automatic;
				INFOPLIST_FILE = BoostTestUITests/Info.plist;
				LD_RUNPATH_SEARCH_PATHS = (
					"$(inherited)",
					"@executable_path/Frameworks",
					"@loader_path/Frameworks",
				);
				PRODUCT_BUNDLE_IDENTIFIER = test.BoostTestUITests;
				PRODUCT_NAME = "$(TARGET_NAME)";
				SWIFT_VERSION = 5.0;
				TARGETED_DEVICE_FAMILY = "1,2";
				TEST_TARGET_NAME = BoostTest;
			};
			name = Debug;
		};
		EB2CE68F232A6E2B002A9A2C /* Release */ = {
			isa = XCBuildConfiguration;
			buildSettings = {
				ALWAYS_EMBED_SWIFT_STANDARD_LIBRARIES = YES;
				CODE_SIGN_STYLE = Automatic;
				INFOPLIST_FILE = BoostTestUITests/Info.plist;
				LD_RUNPATH_SEARCH_PATHS = (
					"$(inherited)",
					"@executable_path/Frameworks",
					"@loader_path/Frameworks",
				);
				PRODUCT_BUNDLE_IDENTIFIER = test.BoostTestUITests;
				PRODUCT_NAME = "$(TARGET_NAME)";
				SWIFT_VERSION = 5.0;
				TARGETED_DEVICE_FAMILY = "1,2";
				TEST_TARGET_NAME = BoostTest;
			};
			name = Release;
		};
/* End XCBuildConfiguration section */

/* Begin XCConfigurationList section */
		EB2CE65A232A6E29002A9A2C /* Build configuration list for PBXProject "BoostTest" */ = {
			isa = XCConfigurationList;
			buildConfigurations = (
				EB2CE685232A6E2B002A9A2C /* Debug */,
				EB2CE686232A6E2B002A9A2C /* Release */,
			);
			defaultConfigurationIsVisible = 0;
			defaultConfigurationName = Release;
		};
		EB2CE687232A6E2B002A9A2C /* Build configuration list for PBXNativeTarget "BoostTest" */ = {
			isa = XCConfigurationList;
			buildConfigurations = (
				EB2CE688232A6E2B002A9A2C /* Debug */,
				EB2CE689232A6E2B002A9A2C /* Release */,
			);
			defaultConfigurationIsVisible = 0;
			defaultConfigurationName = Release;
		};
		EB2CE68A232A6E2B002A9A2C /* Build configuration list for PBXNativeTarget "BoostTestTests" */ = {
			isa = XCConfigurationList;
			buildConfigurations = (
				EB2CE68B232A6E2B002A9A2C /* Debug */,
				EB2CE68C232A6E2B002A9A2C /* Release */,
			);
			defaultConfigurationIsVisible = 0;
			defaultConfigurationName = Release;
		};
		EB2CE68D232A6E2B002A9A2C /* Build configuration list for PBXNativeTarget "BoostTestUITests" */ = {
			isa = XCConfigurationList;
			buildConfigurations = (
				EB2CE68E232A6E2B002A9A2C /* Debug */,
				EB2CE68F232A6E2B002A9A2C /* Release */,
			);
			defaultConfigurationIsVisible = 0;
			defaultConfigurationName = Release;
		};
/* End XCConfigurationList section */
	};
	rootObject = EB2CE657232A6E29002A9A2C /* Project object */;
}
